// !$*UTF8*$!
{
	archiveVersion = 1;
	classes = {
	};
	objectVersion = 46;
	objects = {

/* Begin PBXBuildFile section */
		A9D245FE1F06A85100E67EB0 /* AppDelegate.swift in Sources */ = {isa = PBXBuildFile; fileRef = A9D245FD1F06A85100E67EB0 /* AppDelegate.swift */; };
		A9D246001F06A85100E67EB0 /* ViewController.swift in Sources */ = {isa = PBXBuildFile; fileRef = A9D245FF1F06A85100E67EB0 /* ViewController.swift */; };
		A9D246031F06A85100E67EB0 /* Main.storyboard in Resources */ = {isa = PBXBuildFile; fileRef = A9D246011F06A85100E67EB0 /* Main.storyboard */; };
		A9D246051F06A85100E67EB0 /* Assets.xcassets in Resources */ = {isa = PBXBuildFile; fileRef = A9D246041F06A85100E67EB0 /* Assets.xcassets */; };
		A9D246081F06A85100E67EB0 /* LaunchScreen.storyboard in Resources */ = {isa = PBXBuildFile; fileRef = A9D246061F06A85100E67EB0 /* LaunchScreen.storyboard */; };
		A9D246131F06A85100E67EB0 /* XCode_Git_HackwichTests.swift in Sources */ = {isa = PBXBuildFile; fileRef = A9D246121F06A85100E67EB0 /* XCode_Git_HackwichTests.swift */; };
		A9D2461E1F06A85100E67EB0 /* XCode_Git_HackwichUITests.swift in Sources */ = {isa = PBXBuildFile; fileRef = A9D2461D1F06A85100E67EB0 /* XCode_Git_HackwichUITests.swift */; };
/* End PBXBuildFile section */

/* Begin PBXContainerItemProxy section */
		A9D2460F1F06A85100E67EB0 /* PBXContainerItemProxy */ = {
			isa = PBXContainerItemProxy;
			containerPortal = A9D245F21F06A85100E67EB0 /* Project object */;
			proxyType = 1;
			remoteGlobalIDString = A9D245F91F06A85100E67EB0;
			remoteInfo = "XCode Git Hackwich";
		};
		A9D2461A1F06A85100E67EB0 /* PBXContainerItemProxy */ = {
			isa = PBXContainerItemProxy;
			containerPortal = A9D245F21F06A85100E67EB0 /* Project object */;
			proxyType = 1;
			remoteGlobalIDString = A9D245F91F06A85100E67EB0;
			remoteInfo = "XCode Git Hackwich";
		};
/* End PBXContainerItemProxy section */

/* Begin PBXFileReference section */
		A9D245FA1F06A85100E67EB0 /* XCode Git Hackwich.app */ = {isa = PBXFileReference; explicitFileType = wrapper.application; includeInIndex = 0; path = "XCode Git Hackwich.app"; sourceTree = BUILT_PRODUCTS_DIR; };
		A9D245FD1F06A85100E67EB0 /* AppDelegate.swift */ = {isa = PBXFileReference; lastKnownFileType = sourcecode.swift; path = AppDelegate.swift; sourceTree = "<group>"; };
		A9D245FF1F06A85100E67EB0 /* ViewController.swift */ = {isa = PBXFileReference; lastKnownFileType = sourcecode.swift; path = ViewController.swift; sourceTree = "<group>"; };
		A9D246021F06A85100E67EB0 /* Base */ = {isa = PBXFileReference; lastKnownFileType = file.storyboard; name = Base; path = Base.lproj/Main.storyboard; sourceTree = "<group>"; };
		A9D246041F06A85100E67EB0 /* Assets.xcassets */ = {isa = PBXFileReference; lastKnownFileType = folder.assetcatalog; path = Assets.xcassets; sourceTree = "<group>"; };
		A9D246071F06A85100E67EB0 /* Base */ = {isa = PBXFileReference; lastKnownFileType = file.storyboard; name = Base; path = Base.lproj/LaunchScreen.storyboard; sourceTree = "<group>"; };
		A9D246091F06A85100E67EB0 /* Info.plist */ = {isa = PBXFileReference; lastKnownFileType = text.plist.xml; path = Info.plist; sourceTree = "<group>"; };
		A9D2460E1F06A85100E67EB0 /* XCode Git HackwichTests.xctest */ = {isa = PBXFileReference; explicitFileType = wrapper.cfbundle; includeInIndex = 0; path = "XCode Git HackwichTests.xctest"; sourceTree = BUILT_PRODUCTS_DIR; };
		A9D246121F06A85100E67EB0 /* XCode_Git_HackwichTests.swift */ = {isa = PBXFileReference; lastKnownFileType = sourcecode.swift; path = XCode_Git_HackwichTests.swift; sourceTree = "<group>"; };
		A9D246141F06A85100E67EB0 /* Info.plist */ = {isa = PBXFileReference; lastKnownFileType = text.plist.xml; path = Info.plist; sourceTree = "<group>"; };
		A9D246191F06A85100E67EB0 /* XCode Git HackwichUITests.xctest */ = {isa = PBXFileReference; explicitFileType = wrapper.cfbundle; includeInIndex = 0; path = "XCode Git HackwichUITests.xctest"; sourceTree = BUILT_PRODUCTS_DIR; };
		A9D2461D1F06A85100E67EB0 /* XCode_Git_HackwichUITests.swift */ = {isa = PBXFileReference; lastKnownFileType = sourcecode.swift; path = XCode_Git_HackwichUITests.swift; sourceTree = "<group>"; };
		A9D2461F1F06A85100E67EB0 /* Info.plist */ = {isa = PBXFileReference; lastKnownFileType = text.plist.xml; path = Info.plist; sourceTree = "<group>"; };
/* End PBXFileReference section */

/* Begin PBXFrameworksBuildPhase section */
		A9D245F71F06A85100E67EB0 /* Frameworks */ = {
			isa = PBXFrameworksBuildPhase;
			buildActionMask = 2147483647;
			files = (
			);
			runOnlyForDeploymentPostprocessing = 0;
		};
		A9D2460B1F06A85100E67EB0 /* Frameworks */ = {
			isa = PBXFrameworksBuildPhase;
			buildActionMask = 2147483647;
			files = (
			);
			runOnlyForDeploymentPostprocessing = 0;
		};
		A9D246161F06A85100E67EB0 /* Frameworks */ = {
			isa = PBXFrameworksBuildPhase;
			buildActionMask = 2147483647;
			files = (
			);
			runOnlyForDeploymentPostprocessing = 0;
		};
/* End PBXFrameworksBuildPhase section */

/* Begin PBXGroup section */
		A9D245F11F06A85100E67EB0 = {
			isa = PBXGroup;
			children = (
				A9D245FC1F06A85100E67EB0 /* XCode Git Hackwich */,
				A9D246111F06A85100E67EB0 /* XCode Git HackwichTests */,
				A9D2461C1F06A85100E67EB0 /* XCode Git HackwichUITests */,
				A9D245FB1F06A85100E67EB0 /* Products */,
			);
			sourceTree = "<group>";
		};
		A9D245FB1F06A85100E67EB0 /* Products */ = {
			isa = PBXGroup;
			children = (
				A9D245FA1F06A85100E67EB0 /* XCode Git Hackwich.app */,
				A9D2460E1F06A85100E67EB0 /* XCode Git HackwichTests.xctest */,
				A9D246191F06A85100E67EB0 /* XCode Git HackwichUITests.xctest */,
			);
			name = Products;
			sourceTree = "<group>";
		};
		A9D245FC1F06A85100E67EB0 /* XCode Git Hackwich */ = {
			isa = PBXGroup;
			children = (
				A9D245FD1F06A85100E67EB0 /* AppDelegate.swift */,
				A9D245FF1F06A85100E67EB0 /* ViewController.swift */,
				A9D246011F06A85100E67EB0 /* Main.storyboard */,
				A9D246041F06A85100E67EB0 /* Assets.xcassets */,
				A9D246061F06A85100E67EB0 /* LaunchScreen.storyboard */,
				A9D246091F06A85100E67EB0 /* Info.plist */,
			);
			path = "XCode Git Hackwich";
			sourceTree = "<group>";
		};
		A9D246111F06A85100E67EB0 /* XCode Git HackwichTests */ = {
			isa = PBXGroup;
			children = (
				A9D246121F06A85100E67EB0 /* XCode_Git_HackwichTests.swift */,
				A9D246141F06A85100E67EB0 /* Info.plist */,
			);
			path = "XCode Git HackwichTests";
			sourceTree = "<group>";
		};
		A9D2461C1F06A85100E67EB0 /* XCode Git HackwichUITests */ = {
			isa = PBXGroup;
			children = (
				A9D2461D1F06A85100E67EB0 /* XCode_Git_HackwichUITests.swift */,
				A9D2461F1F06A85100E67EB0 /* Info.plist */,
			);
			path = "XCode Git HackwichUITests";
			sourceTree = "<group>";
		};
/* End PBXGroup section */

/* Begin PBXNativeTarget section */
		A9D245F91F06A85100E67EB0 /* XCode Git Hackwich */ = {
			isa = PBXNativeTarget;
			buildConfigurationList = A9D246221F06A85100E67EB0 /* Build configuration list for PBXNativeTarget "XCode Git Hackwich" */;
			buildPhases = (
				A9D245F61F06A85100E67EB0 /* Sources */,
				A9D245F71F06A85100E67EB0 /* Frameworks */,
				A9D245F81F06A85100E67EB0 /* Resources */,
			);
			buildRules = (
			);
			dependencies = (
			);
			name = "XCode Git Hackwich";
			productName = "XCode Git Hackwich";
			productReference = A9D245FA1F06A85100E67EB0 /* XCode Git Hackwich.app */;
			productType = "com.apple.product-type.application";
		};
		A9D2460D1F06A85100E67EB0 /* XCode Git HackwichTests */ = {
			isa = PBXNativeTarget;
			buildConfigurationList = A9D246251F06A85100E67EB0 /* Build configuration list for PBXNativeTarget "XCode Git HackwichTests" */;
			buildPhases = (
				A9D2460A1F06A85100E67EB0 /* Sources */,
				A9D2460B1F06A85100E67EB0 /* Frameworks */,
				A9D2460C1F06A85100E67EB0 /* Resources */,
			);
			buildRules = (
			);
			dependencies = (
				A9D246101F06A85100E67EB0 /* PBXTargetDependency */,
			);
			name = "XCode Git HackwichTests";
			productName = "XCode Git HackwichTests";
			productReference = A9D2460E1F06A85100E67EB0 /* XCode Git HackwichTests.xctest */;
			productType = "com.apple.product-type.bundle.unit-test";
		};
		A9D246181F06A85100E67EB0 /* XCode Git HackwichUITests */ = {
			isa = PBXNativeTarget;
			buildConfigurationList = A9D246281F06A85100E67EB0 /* Build configuration list for PBXNativeTarget "XCode Git HackwichUITests" */;
			buildPhases = (
				A9D246151F06A85100E67EB0 /* Sources */,
				A9D246161F06A85100E67EB0 /* Frameworks */,
				A9D246171F06A85100E67EB0 /* Resources */,
			);
			buildRules = (
			);
			dependencies = (
				A9D2461B1F06A85100E67EB0 /* PBXTargetDependency */,
			);
			name = "XCode Git HackwichUITests";
			productName = "XCode Git HackwichUITests";
			productReference = A9D246191F06A85100E67EB0 /* XCode Git HackwichUITests.xctest */;
			productType = "com.apple.product-type.bundle.ui-testing";
		};
/* End PBXNativeTarget section */

/* Begin PBXProject section */
		A9D245F21F06A85100E67EB0 /* Project object */ = {
			isa = PBXProject;
			attributes = {
				LastSwiftUpdateCheck = 0830;
				LastUpgradeCheck = 0830;
				ORGANIZATIONNAME = "Alejandro Yepes";
				TargetAttributes = {
					A9D245F91F06A85100E67EB0 = {
						CreatedOnToolsVersion = 8.3.3;
						ProvisioningStyle = Automatic;
					};
					A9D2460D1F06A85100E67EB0 = {
						CreatedOnToolsVersion = 8.3.3;
						ProvisioningStyle = Automatic;
						TestTargetID = A9D245F91F06A85100E67EB0;
					};
					A9D246181F06A85100E67EB0 = {
						CreatedOnToolsVersion = 8.3.3;
						ProvisioningStyle = Automatic;
						TestTargetID = A9D245F91F06A85100E67EB0;
					};
				};
			};
			buildConfigurationList = A9D245F51F06A85100E67EB0 /* Build configuration list for PBXProject "XCode Git Hackwich" */;
			compatibilityVersion = "Xcode 3.2";
			developmentRegion = English;
			hasScannedForEncodings = 0;
			knownRegions = (
				en,
				Base,
			);
			mainGroup = A9D245F11F06A85100E67EB0;
			productRefGroup = A9D245FB1F06A85100E67EB0 /* Products */;
			projectDirPath = "";
			projectRoot = "";
			targets = (
				A9D245F91F06A85100E67EB0 /* XCode Git Hackwich */,
				A9D2460D1F06A85100E67EB0 /* XCode Git HackwichTests */,
				A9D246181F06A85100E67EB0 /* XCode Git HackwichUITests */,
			);
		};
/* End PBXProject section */

/* Begin PBXResourcesBuildPhase section */
		A9D245F81F06A85100E67EB0 /* Resources */ = {
			isa = PBXResourcesBuildPhase;
			buildActionMask = 2147483647;
			files = (
				A9D246081F06A85100E67EB0 /* LaunchScreen.storyboard in Resources */,
				A9D246051F06A85100E67EB0 /* Assets.xcassets in Resources */,
				A9D246031F06A85100E67EB0 /* Main.storyboard in Resources */,
			);
			runOnlyForDeploymentPostprocessing = 0;
		};
		A9D2460C1F06A85100E67EB0 /* Resources */ = {
			isa = PBXResourcesBuildPhase;
			buildActionMask = 2147483647;
			files = (
			);
			runOnlyForDeploymentPostprocessing = 0;
		};
		A9D246171F06A85100E67EB0 /* Resources */ = {
			isa = PBXResourcesBuildPhase;
			buildActionMask = 2147483647;
			files = (
			);
			runOnlyForDeploymentPostprocessing = 0;
		};
/* End PBXResourcesBuildPhase section */

/* Begin PBXSourcesBuildPhase section */
		A9D245F61F06A85100E67EB0 /* Sources */ = {
			isa = PBXSourcesBuildPhase;
			buildActionMask = 2147483647;
			files = (
				A9D246001F06A85100E67EB0 /* ViewController.swift in Sources */,
				A9D245FE1F06A85100E67EB0 /* AppDelegate.swift in Sources */,
			);
			runOnlyForDeploymentPostprocessing = 0;
		};
		A9D2460A1F06A85100E67EB0 /* Sources */ = {
			isa = PBXSourcesBuildPhase;
			buildActionMask = 2147483647;
			files = (
				A9D246131F06A85100E67EB0 /* XCode_Git_HackwichTests.swift in Sources */,
			);
			runOnlyForDeploymentPostprocessing = 0;
		};
		A9D246151F06A85100E67EB0 /* Sources */ = {
			isa = PBXSourcesBuildPhase;
			buildActionMask = 2147483647;
			files = (
				A9D2461E1F06A85100E67EB0 /* XCode_Git_HackwichUITests.swift in Sources */,
			);
			runOnlyForDeploymentPostprocessing = 0;
		};
/* End PBXSourcesBuildPhase section */

/* Begin PBXTargetDependency section */
		A9D246101F06A85100E67EB0 /* PBXTargetDependency */ = {
			isa = PBXTargetDependency;
			target = A9D245F91F06A85100E67EB0 /* XCode Git Hackwich */;
			targetProxy = A9D2460F1F06A85100E67EB0 /* PBXContainerItemProxy */;
		};
		A9D2461B1F06A85100E67EB0 /* PBXTargetDependency */ = {
			isa = PBXTargetDependency;
			target = A9D245F91F06A85100E67EB0 /* XCode Git Hackwich */;
			targetProxy = A9D2461A1F06A85100E67EB0 /* PBXContainerItemProxy */;
		};
/* End PBXTargetDependency section */

/* Begin PBXVariantGroup section */
		A9D246011F06A85100E67EB0 /* Main.storyboard */ = {
			isa = PBXVariantGroup;
			children = (
				A9D246021F06A85100E67EB0 /* Base */,
			);
			name = Main.storyboard;
			sourceTree = "<group>";
		};
		A9D246061F06A85100E67EB0 /* LaunchScreen.storyboard */ = {
			isa = PBXVariantGroup;
			children = (
				A9D246071F06A85100E67EB0 /* Base */,
			);
			name = LaunchScreen.storyboard;
			sourceTree = "<group>";
		};
/* End PBXVariantGroup section */

/* Begin XCBuildConfiguration section */
		A9D246201F06A85100E67EB0 /* Debug */ = {
			isa = XCBuildConfiguration;
			buildSettings = {
				ALWAYS_SEARCH_USER_PATHS = NO;
				CLANG_ANALYZER_NONNULL = YES;
				CLANG_ANALYZER_NUMBER_OBJECT_CONVERSION = YES_AGGRESSIVE;
				CLANG_CXX_LANGUAGE_STANDARD = "gnu++0x";
				CLANG_CXX_LIBRARY = "libc++";
				CLANG_ENABLE_MODULES = YES;
				CLANG_ENABLE_OBJC_ARC = YES;
				CLANG_WARN_BOOL_CONVERSION = YES;
				CLANG_WARN_CONSTANT_CONVERSION = YES;
				CLANG_WARN_DIRECT_OBJC_ISA_USAGE = YES_ERROR;
				CLANG_WARN_DOCUMENTATION_COMMENTS = YES;
				CLANG_WARN_EMPTY_BODY = YES;
				CLANG_WARN_ENUM_CONVERSION = YES;
				CLANG_WARN_INFINITE_RECURSION = YES;
				CLANG_WARN_INT_CONVERSION = YES;
				CLANG_WARN_OBJC_ROOT_CLASS = YES_ERROR;
				CLANG_WARN_SUSPICIOUS_MOVE = YES;
				CLANG_WARN_UNREACHABLE_CODE = YES;
				CLANG_WARN__DUPLICATE_METHOD_MATCH = YES;
				"CODE_SIGN_IDENTITY[sdk=iphoneos*]" = "iPhone Developer";
				COPY_PHASE_STRIP = NO;
				DEBUG_INFORMATION_FORMAT = dwarf;
				ENABLE_STRICT_OBJC_MSGSEND = YES;
				ENABLE_TESTABILITY = YES;
				GCC_C_LANGUAGE_STANDARD = gnu99;
				GCC_DYNAMIC_NO_PIC = NO;
				GCC_NO_COMMON_BLOCKS = YES;
				GCC_OPTIMIZATION_LEVEL = 0;
				GCC_PREPROCESSOR_DEFINITIONS = (
					"DEBUG=1",
					"$(inherited)",
				);
				GCC_WARN_64_TO_32_BIT_CONVERSION = YES;
				GCC_WARN_ABOUT_RETURN_TYPE = YES_ERROR;
				GCC_WARN_UNDECLARED_SELECTOR = YES;
				GCC_WARN_UNINITIALIZED_AUTOS = YES_AGGRESSIVE;
				GCC_WARN_UNUSED_FUNCTION = YES;
				GCC_WARN_UNUSED_VARIABLE = YES;
				IPHONEOS_DEPLOYMENT_TARGET = 10.3;
				MTL_ENABLE_DEBUG_INFO = YES;
				ONLY_ACTIVE_ARCH = YES;
				SDKROOT = iphoneos;
				SWIFT_ACTIVE_COMPILATION_CONDITIONS = DEBUG;
				SWIFT_OPTIMIZATION_LEVEL = "-Onone";
			};
			name = Debug;
		};
		A9D246211F06A85100E67EB0 /* Release */ = {
			isa = XCBuildConfiguration;
			buildSettings = {
				ALWAYS_SEARCH_USER_PATHS = NO;
				CLANG_ANALYZER_NONNULL = YES;
				CLANG_ANALYZER_NUMBER_OBJECT_CONVERSION = YES_AGGRESSIVE;
				CLANG_CXX_LANGUAGE_STANDARD = "gnu++0x";
				CLANG_CXX_LIBRARY = "libc++";
				CLANG_ENABLE_MODULES = YES;
				CLANG_ENABLE_OBJC_ARC = YES;
				CLANG_WARN_BOOL_CONVERSION = YES;
				CLANG_WARN_CONSTANT_CONVERSION = YES;
				CLANG_WARN_DIRECT_OBJC_ISA_USAGE = YES_ERROR;
				CLANG_WARN_DOCUMENTATION_COMMENTS = YES;
				CLANG_WARN_EMPTY_BODY = YES;
				CLANG_WARN_ENUM_CONVERSION = YES;
				CLANG_WARN_INFINITE_RECURSION = YES;
				CLANG_WARN_INT_CONVERSION = YES;
				CLANG_WARN_OBJC_ROOT_CLASS = YES_ERROR;
				CLANG_WARN_SUSPICIOUS_MOVE = YES;
				CLANG_WARN_UNREACHABLE_CODE = YES;
				CLANG_WARN__DUPLICATE_METHOD_MATCH = YES;
				"CODE_SIGN_IDENTITY[sdk=iphoneos*]" = "iPhone Developer";
				COPY_PHASE_STRIP = NO;
				DEBUG_INFORMATION_FORMAT = "dwarf-with-dsym";
				ENABLE_NS_ASSERTIONS = NO;
				ENABLE_STRICT_OBJC_MSGSEND = YES;
				GCC_C_LANGUAGE_STANDARD = gnu99;
				GCC_NO_COMMON_BLOCKS = YES;
				GCC_WARN_64_TO_32_BIT_CONVERSION = YES;
				GCC_WARN_ABOUT_RETURN_TYPE = YES_ERROR;
				GCC_WARN_UNDECLARED_SELECTOR = YES;
				GCC_WARN_UNINITIALIZED_AUTOS = YES_AGGRESSIVE;
				GCC_WARN_UNUSED_FUNCTION = YES;
				GCC_WARN_UNUSED_VARIABLE = YES;
				IPHONEOS_DEPLOYMENT_TARGET = 10.3;
				MTL_ENABLE_DEBUG_INFO = NO;
				SDKROOT = iphoneos;
				SWIFT_OPTIMIZATION_LEVEL = "-Owholemodule";
				VALIDATE_PRODUCT = YES;
			};
			name = Release;
		};
		A9D246231F06A85100E67EB0 /* Debug */ = {
			isa = XCBuildConfiguration;
			buildSettings = {
				ASSETCATALOG_COMPILER_APPICON_NAME = AppIcon;
				INFOPLIST_FILE = "XCode Git Hackwich/Info.plist";
				LD_RUNPATH_SEARCH_PATHS = "$(inherited) @executable_path/Frameworks";
				PRODUCT_BUNDLE_IDENTIFIER = "Wooden.XCode-Git-Hackwich";
				PRODUCT_NAME = "$(TARGET_NAME)";
				SWIFT_VERSION = 3.0;
			};
			name = Debug;
		};
		A9D246241F06A85100E67EB0 /* Release */ = {
			isa = XCBuildConfiguration;
			buildSettings = {
				ASSETCATALOG_COMPILER_APPICON_NAME = AppIcon;
				INFOPLIST_FILE = "XCode Git Hackwich/Info.plist";
				LD_RUNPATH_SEARCH_PATHS = "$(inherited) @executable_path/Frameworks";
				PRODUCT_BUNDLE_IDENTIFIER = "Wooden.XCode-Git-Hackwich";
				PRODUCT_NAME = "$(TARGET_NAME)";
				SWIFT_VERSION = 3.0;
			};
			name = Release;
		};
		A9D246261F06A85100E67EB0 /* Debug */ = {
			isa = XCBuildConfiguration;
			buildSettings = {
				ALWAYS_EMBED_SWIFT_STANDARD_LIBRARIES = YES;
				BUNDLE_LOADER = "$(TEST_HOST)";
				INFOPLIST_FILE = "XCode Git HackwichTests/Info.plist";
				LD_RUNPATH_SEARCH_PATHS = "$(inherited) @executable_path/Frameworks @loader_path/Frameworks";
				PRODUCT_BUNDLE_IDENTIFIER = "Wooden.XCode-Git-HackwichTests";
				PRODUCT_NAME = "$(TARGET_NAME)";
				SWIFT_VERSION = 3.0;
				TEST_HOST = "$(BUILT_PRODUCTS_DIR)/XCode Git Hackwich.app/XCode Git Hackwich";
			};
			name = Debug;
		};
		A9D246271F06A85100E67EB0 /* Release */ = {
			isa = XCBuildConfiguration;
			buildSettings = {
				ALWAYS_EMBED_SWIFT_STANDARD_LIBRARIES = YES;
				BUNDLE_LOADER = "$(TEST_HOST)";
				INFOPLIST_FILE = "XCode Git HackwichTests/Info.plist";
				LD_RUNPATH_SEARCH_PATHS = "$(inherited) @executable_path/Frameworks @loader_path/Frameworks";
				PRODUCT_BUNDLE_IDENTIFIER = "Wooden.XCode-Git-HackwichTests";
				PRODUCT_NAME = "$(TARGET_NAME)";
				SWIFT_VERSION = 3.0;
				TEST_HOST = "$(BUILT_PRODUCTS_DIR)/XCode Git Hackwich.app/XCode Git Hackwich";
			};
			name = Release;
		};
		A9D246291F06A85100E67EB0 /* Debug */ = {
			isa = XCBuildConfiguration;
			buildSettings = {
				ALWAYS_EMBED_SWIFT_STANDARD_LIBRARIES = YES;
				INFOPLIST_FILE = "XCode Git HackwichUITests/Info.plist";
				LD_RUNPATH_SEARCH_PATHS = "$(inherited) @executable_path/Frameworks @loader_path/Frameworks";
				PRODUCT_BUNDLE_IDENTIFIER = "Wooden.XCode-Git-HackwichUITests";
				PRODUCT_NAME = "$(TARGET_NAME)";
				SWIFT_VERSION = 3.0;
				TEST_TARGET_NAME = "XCode Git Hackwich";
			};
			name = Debug;
		};
		A9D2462A1F06A85100E67EB0 /* Release */ = {
			isa = XCBuildConfiguration;
			buildSettings = {
				ALWAYS_EMBED_SWIFT_STANDARD_LIBRARIES = YES;
				INFOPLIST_FILE = "XCode Git HackwichUITests/Info.plist";
				LD_RUNPATH_SEARCH_PATHS = "$(inherited) @executable_path/Frameworks @loader_path/Frameworks";
				PRODUCT_BUNDLE_IDENTIFIER = "Wooden.XCode-Git-HackwichUITests";
				PRODUCT_NAME = "$(TARGET_NAME)";
				SWIFT_VERSION = 3.0;
				TEST_TARGET_NAME = "XCode Git Hackwich";
			};
			name = Release;
		};
/* End XCBuildConfiguration section */

/* Begin XCConfigurationList section */
		A9D245F51F06A85100E67EB0 /* Build configuration list for PBXProject "XCode Git Hackwich" */ = {
			isa = XCConfigurationList;
			buildConfigurations = (
				A9D246201F06A85100E67EB0 /* Debug */,
				A9D246211F06A85100E67EB0 /* Release */,
			);
			defaultConfigurationIsVisible = 0;
			defaultConfigurationName = Release;
		};
		A9D246221F06A85100E67EB0 /* Build configuration list for PBXNativeTarget "XCode Git Hackwich" */ = {
			isa = XCConfigurationList;
			buildConfigurations = (
				A9D246231F06A85100E67EB0 /* Debug */,
				A9D246241F06A85100E67EB0 /* Release */,
			);
			defaultConfigurationIsVisible = 0;
		};
		A9D246251F06A85100E67EB0 /* Build configuration list for PBXNativeTarget "XCode Git HackwichTests" */ = {
			isa = XCConfigurationList;
			buildConfigurations = (
				A9D246261F06A85100E67EB0 /* Debug */,
				A9D246271F06A85100E67EB0 /* Release */,
			);
			defaultConfigurationIsVisible = 0;
		};
		A9D246281F06A85100E67EB0 /* Build configuration list for PBXNativeTarget "XCode Git HackwichUITests" */ = {
			isa = XCConfigurationList;
			buildConfigurations = (
				A9D246291F06A85100E67EB0 /* Debug */,
				A9D2462A1F06A85100E67EB0 /* Release */,
			);
			defaultConfigurationIsVisible = 0;
		};
/* End XCConfigurationList section */
	};
	rootObject = A9D245F21F06A85100E67EB0 /* Project object */;
}
